
Microsoft Visual Studio Solution File, Format Version 12.00
# Visual Studio 15
VisualStudioVersion = 15.0.28307.852
MinimumVisualStudioVersion = 10.0.40219.1
Project("{FAE04EC0-301F-11D3-BF4B-00C04F79EFBC}") = "Task_1", "HW_CS1_L2\Task_1.csproj", "{AE00E835-4058-46CB-BF35-AA3EDC39D508}"
EndProject
Project("{FAE04EC0-301F-11D3-BF4B-00C04F79EFBC}") = "Task_2", "Task_2\Task_2.csproj", "{E06400DE-4C53-4B26-88BD-5FDD91B45C0D}"
EndProject
Project("{FAE04EC0-301F-11D3-BF4B-00C04F79EFBC}") = "Task_3", "Task_3\Task_3.csproj", "{6FFBA8FA-0647-40D0-8B28-9D89EBBB599E}"
EndProject
Project("{FAE04EC0-301F-11D3-BF4B-00C04F79EFBC}") = "Task_4", "Task_4\Task_4.csproj", "{4CD1D244-4D1C-4FF9-98B3-C57F8977EFE4}"
EndProject
Project("{FAE04EC0-301F-11D3-BF4B-00C04F79EFBC}") = "Task_5", "Task_5\Task_5.csproj", "{0BA6E45D-5802-4101-B64C-66F997F8695D}"
EndProject
Project("{FAE04EC0-301F-11D3-BF4B-00C04F79EFBC}") = "Task_6", "Task_6\Task_6.csproj", "{E4EDE84E-F3C9-48D3-A32B-1441AB6074FD}"
EndProject
Global
	GlobalSection(SolutionConfigurationPlatforms) = preSolution
		Debug|Any CPU = Debug|Any CPU
		Release|Any CPU = Release|Any CPU
	EndGlobalSection
	GlobalSection(ProjectConfigurationPlatforms) = postSolution
		{AE00E835-4058-46CB-BF35-AA3EDC39D508}.Debug|Any CPU.ActiveCfg = Debug|Any CPU
		{AE00E835-4058-46CB-BF35-AA3EDC39D508}.Debug|Any CPU.Build.0 = Debug|Any CPU
		{AE00E835-4058-46CB-BF35-AA3EDC39D508}.Release|Any CPU.ActiveCfg = Release|Any CPU
		{AE00E835-4058-46CB-BF35-AA3EDC39D508}.Release|Any CPU.Build.0 = Release|Any CPU
		{E06400DE-4C53-4B26-88BD-5FDD91B45C0D}.Debug|Any CPU.ActiveCfg = Debug|Any CPU
		{E06400DE-4C53-4B26-88BD-5FDD91B45C0D}.Debug|Any CPU.Build.0 = Debug|Any CPU
		{E06400DE-4C53-4B26-88BD-5FDD91B45C0D}.Release|Any CPU.ActiveCfg = Release|Any CPU
		{E06400DE-4C53-4B26-88BD-5FDD91B45C0D}.Release|Any CPU.Build.0 = Release|Any CPU
		{6FFBA8FA-0647-40D0-8B28-9D89EBBB599E}.Debug|Any CPU.ActiveCfg = Debug|Any CPU
		{6FFBA8FA-0647-40D0-8B28-9D89EBBB599E}.Debug|Any CPU.Build.0 = Debug|Any CPU
		{6FFBA8FA-0647-40D0-8B28-9D89EBBB599E}.Release|Any CPU.ActiveCfg = Release|Any CPU
		{6FFBA8FA-0647-40D0-8B28-9D89EBBB599E}.Release|Any CPU.Build.0 = Release|Any CPU
		{4CD1D244-4D1C-4FF9-98B3-C57F8977EFE4}.Debug|Any CPU.ActiveCfg = Debug|Any CPU
		{4CD1D244-4D1C-4FF9-98B3-C57F8977EFE4}.Debug|Any CPU.Build.0 = Debug|Any CPU
		{4CD1D244-4D1C-4FF9-98B3-C57F8977EFE4}.Release|Any CPU.ActiveCfg = Release|Any CPU
		{4CD1D244-4D1C-4FF9-98B3-C57F8977EFE4}.Release|Any CPU.Build.0 = Release|Any CPU
		{0BA6E45D-5802-4101-B64C-66F997F8695D}.Debug|Any CPU.ActiveCfg = Debug|Any CPU
		{0BA6E45D-5802-4101-B64C-66F997F8695D}.Debug|Any CPU.Build.0 = Debug|Any CPU
		{0BA6E45D-5802-4101-B64C-66F997F8695D}.Release|Any CPU.ActiveCfg = Release|Any CPU
		{0BA6E45D-5802-4101-B64C-66F997F8695D}.Release|Any CPU.Build.0 = Release|Any CPU
		{E4EDE84E-F3C9-48D3-A32B-1441AB6074FD}.Debug|Any CPU.ActiveCfg = Debug|Any CPU
		{E4EDE84E-F3C9-48D3-A32B-1441AB6074FD}.Debug|Any CPU.Build.0 = Debug|Any CPU
		{E4EDE84E-F3C9-48D3-A32B-1441AB6074FD}.Release|Any CPU.ActiveCfg = Release|Any CPU
		{E4EDE84E-F3C9-48D3-A32B-1441AB6074FD}.Release|Any CPU.Build.0 = Release|Any CPU
	EndGlobalSection
	GlobalSection(SolutionProperties) = preSolution
		HideSolutionNode = FALSE
	EndGlobalSection
	GlobalSection(ExtensibilityGlobals) = postSolution
		SolutionGuid = {BC0BA780-B832-4C85-9862-192E3709060B}
	EndGlobalSection
EndGlobal
